PODS:
  - Alamofire (5.7.1)
  - Charts (4.1.0):
    - Charts/Core (= 4.1.0)
  - Charts/Core (4.1.0):
    - SwiftAlgorithms (~> 1.0)
  - FSCalendar (2.8.4)
  - GoogleMaps (6.2.1):
    - GoogleMaps/Maps (= 6.2.1)
  - GoogleMaps/Base (6.2.1)
  - GoogleMaps/Maps (6.2.1):
    - GoogleMaps/Base
  - IQKeyboardManagerSwift (7.0.1)
  - ReachabilitySwift (5.0.0)
  - SSZipArchive (2.4.3)
  - SwiftAlgorithms (1.0.0)
  - UICircularProgressRing (8.0.0)

DEPENDENCIES:
  - Alamofire
  - Charts
  - FSCalendar
  - GoogleMaps
  - IQKeyboardManagerSwift
  - ReachabilitySwift
  - SSZipArchive
  - UICircularProgressRing

SPEC REPOS:
  trunk:
    - Alamofire
    - Charts
    - FSCalendar
    - GoogleMaps
    - IQKeyboardManagerSwift
    - ReachabilitySwift
    - SSZipArchive
    - SwiftAlgorithms
    - UICircularProgressRing

SPEC CHECKSUMS:
  Alamofire: 0123a34370cb170936ae79a8df46cc62b2edeb88
  Charts: 354f86803d11d9c35de280587fef50d1af063978
  FSCalendar: 2d1d0d9398f12d439f55c1fe0f01525b151b8260
  GoogleMaps: 20d7b12be49a14287f797e88e0e31bc4156aaeb4
  IQKeyboardManagerSwift: 7f6b1b1d1497855d2beea7f2f10ffcc6978525b1
  ReachabilitySwift: 985039c6f7b23a1da463388634119492ff86c825
  SSZipArchive: fe6a26b2a54d5a0890f2567b5cc6de5caa600aef
  SwiftAlgorithms: 38dda4731d19027fdeee1125f973111bf3386b53
  UICircularProgressRing: 19927375b2b21b5fa5fd9582f15ccdef9659da16

PODFILE CHECKSUM: d2da2a555db4c34240f1095270ff9ca00d4f282f

COCOAPODS: 1.12.1
